
Microsoft Visual Studio Solution File, Format Version 12.00
# Visual Studio Version 17
VisualStudioVersion = 17.9.34728.123
MinimumVisualStudioVersion = 10.0.40219.1
Project("{FAE04EC0-301F-11D3-BF4B-00C04F79EFBC}") = "HybridEncrytion_PresentationLayer", "HybridEncrytion_PresentationLayer.csproj", "{AEC8993E-9C25-4C12-BE35-D7433331C256}"
EndProject
Project("{FAE04EC0-301F-11D3-BF4B-00C04F79EFBC}") = "HybridEncrytion_BusinessLayer", "..\buissnessLayer\HybridEncrytion_BusinessLayer.csproj", "{CF8E4255-DD99-46F8-9684-272940B05AB0}"
EndProject
Global
	GlobalSection(SolutionConfigurationPlatforms) = preSolution
		Debug|Any CPU = Debug|Any CPU
		Release|Any CPU = Release|Any CPU
	EndGlobalSection
	GlobalSection(ProjectConfigurationPlatforms) = postSolution
		{AEC8993E-9C25-4C12-BE35-D7433331C256}.Debug|Any CPU.ActiveCfg = Debug|Any CPU
		{AEC8993E-9C25-4C12-BE35-D7433331C256}.Debug|Any CPU.Build.0 = Debug|Any CPU
		{AEC8993E-9C25-4C12-BE35-D7433331C256}.Release|Any CPU.ActiveCfg = Release|Any CPU
		{AEC8993E-9C25-4C12-BE35-D7433331C256}.Release|Any CPU.Build.0 = Release|Any CPU
		{CF8E4255-DD99-46F8-9684-272940B05AB0}.Debug|Any CPU.ActiveCfg = Debug|Any CPU
		{CF8E4255-DD99-46F8-9684-272940B05AB0}.Debug|Any CPU.Build.0 = Debug|Any CPU
		{CF8E4255-DD99-46F8-9684-272940B05AB0}.Release|Any CPU.ActiveCfg = Release|Any CPU
		{CF8E4255-DD99-46F8-9684-272940B05AB0}.Release|Any CPU.Build.0 = Release|Any CPU
	EndGlobalSection
	GlobalSection(SolutionProperties) = preSolution
		HideSolutionNode = FALSE
	EndGlobalSection
	GlobalSection(ExtensibilityGlobals) = postSolution
		SolutionGuid = {3F596E8A-6E54-4A63-87A2-3078C8B10BD5}
	EndGlobalSection
EndGlobal
