
Microsoft Visual Studio Solution File, Format Version 12.00
# Visual Studio Version 17
VisualStudioVersion = 17.9.34728.123
MinimumVisualStudioVersion = 10.0.40219.1
Project("{9A19103F-16F7-4668-BE54-9A1E7A4F7556}") = "HybridEncryption_PresentaionLayer", "HybridEncryption_PresentaionLayer.csproj", "{7E78D5B4-C0E8-470D-89CA-0051D2228C93}"
EndProject
Global
	GlobalSection(SolutionConfigurationPlatforms) = preSolution
		Debug|Any CPU = Debug|Any CPU
		Release|Any CPU = Release|Any CPU
	EndGlobalSection
	GlobalSection(ProjectConfigurationPlatforms) = postSolution
		{7E78D5B4-C0E8-470D-89CA-0051D2228C93}.Debug|Any CPU.ActiveCfg = Debug|Any CPU
		{7E78D5B4-C0E8-470D-89CA-0051D2228C93}.Debug|Any CPU.Build.0 = Debug|Any CPU
		{7E78D5B4-C0E8-470D-89CA-0051D2228C93}.Release|Any CPU.ActiveCfg = Release|Any CPU
		{7E78D5B4-C0E8-470D-89CA-0051D2228C93}.Release|Any CPU.Build.0 = Release|Any CPU
	EndGlobalSection
	GlobalSection(SolutionProperties) = preSolution
		HideSolutionNode = FALSE
	EndGlobalSection
	GlobalSection(ExtensibilityGlobals) = postSolution
		SolutionGuid = {F172C953-1656-4FAC-9F71-E8A73E7BEA60}
	EndGlobalSection
EndGlobal
